{
  "name": "minionsos-codegraph-mcp",
  "version": "0.1.0",
  "lockfileVersion": 3,
  "requires": true,
  "packages": {
    "": {
      "name": "minionsos-codegraph-mcp",
      "version": "0.1.0",
      "license": "MIT",
      "dependencies": {
        "@colbymchenry/codegraph": "^0.9.3"
      }
    },
    "node_modules/@colbymchenry/codegraph": {
      "version": "0.9.3",
      "resolved": "https://registry.npmjs.org/@colbymchenry/codegraph/-/codegraph-0.9.3.tgz",
      "integrity": "sha512-UJe7wMKnK0IPyN+mRUUUnnfF55rXiwQL8hzpwb0djLrdvy6L3rdK4WXX/sOek+Eih3ANt6YGhv1Ay3vxbRpqRg==",
      "license": "MIT",
      "bin": {
        "codegraph": "npm-shim.js"
      },
      "optionalDependencies": {
        "@colbymchenry/codegraph-darwin-arm64": "0.9.3",
        "@colbymchenry/codegraph-darwin-x64": "0.9.3",
        "@colbymchenry/codegraph-linux-arm64": "0.9.3",
        "@colbymchenry/codegraph-linux-x64": "0.9.3",
        "@colbymchenry/codegraph-win32-arm64": "0.9.3",
        "@colbymchenry/codegraph-win32-x64": "0.9.3"
      }
    },
    "node_modules/@colbymchenry/codegraph-darwin-arm64": {
      "version": "0.9.3",
      "resolved": "https://registry.npmjs.org/@colbymchenry/codegraph-darwin-arm64/-/codegraph-darwin-arm64-0.9.3.tgz",
      "integrity": "sha512-ggF9MicmVzpqaYvwnguUX1VzQ896j83rPKFfHhwL+QvRmTXWZbhoHtcJ7mYDNPRRIdkXCeTReyYLlfH0k358CQ==",
      "cpu": [
        "arm64"
      ],
      "license": "MIT",
      "optional": true,
      "os": [
        "darwin"
      ]
    },
    "node_modules/@colbymchenry/codegraph-darwin-x64": {
      "version": "0.9.3",
      "resolved": "https://registry.npmjs.org/@colbymchenry/codegraph-darwin-x64/-/codegraph-darwin-x64-0.9.3.tgz",
      "integrity": "sha512-rzdbD/8Cokxsxrkqec6QVFlVNcsF104asWW3ggY6xi+1YvEVXKc0V6qDwV6pNaRgqmkUD1zUTJKo4kzVkD4iGw==",
      "cpu": [
        "x64"
      ],
      "license": "MIT",
      "optional": true,
      "os": [
        "darwin"
      ]
    },
    "node_modules/@colbymchenry/codegraph-linux-arm64": {
      "version": "0.9.3",
      "resolved": "https://registry.npmjs.org/@colbymchenry/codegraph-linux-arm64/-/codegraph-linux-arm64-0.9.3.tgz",
      "integrity": "sha512-FXGkiXKlRoDglMbUVLnsJkPYCg3mnkVt7l7Pib0Csx3th/qW0FqTXwDcQdt1DfnbdNizCmYD3tfHUvGzjjjVsA==",
      "cpu": [
        "arm64"
      ],
      "license": "MIT",
      "optional": true,
      "os": [
        "linux"
      ]
    },
    "node_modules/@colbymchenry/codegraph-linux-x64": {
      "version": "0.9.3",
      "resolved": "https://registry.npmjs.org/@colbymchenry/codegraph-linux-x64/-/codegraph-linux-x64-0.9.3.tgz",
      "integrity": "sha512-PDJW9YStRIJYnTsI7ZqmYSbEulPq7HYFi6fAEIG499Gk3YQt/P/YQrZlJatyoBvWIlVgxAde50KbpUKWX1c34w==",
      "cpu": [
        "x64"
      ],
      "license": "MIT",
      "optional": true,
      "os": [
        "linux"
      ]
    },
    "node_modules/@colbymchenry/codegraph-win32-arm64": {
      "version": "0.9.3",
      "resolved": "https://registry.npmjs.org/@colbymchenry/codegraph-win32-arm64/-/codegraph-win32-arm64-0.9.3.tgz",
      "integrity": "sha512-89y+AowpS6NCZ3mUl58W3w6q/e3F5DNPkxbA4rdnB4zIYmC1C4GnATCwe5UIG36ca3JHBBZTjkKhu59HaFfDyg==",
      "cpu": [
        "arm64"
      ],
      "license": "MIT",
      "optional": true,
      "os": [
        "win32"
      ]
    },
    "node_modules/@colbymchenry/codegraph-win32-x64": {
      "version": "0.9.3",
      "resolved": "https://registry.npmjs.org/@colbymchenry/codegraph-win32-x64/-/codegraph-win32-x64-0.9.3.tgz",
      "integrity": "sha512-lmXmKKf9GXp7e+xEj6UtePL9xHlN9lAz9z4LDGguGj9kWm/+Z32ObYPSpiBz2/05fyG5URyLnf+7ss6umMQH6Q==",
      "cpu": [
        "x64"
      ],
      "license": "MIT",
      "optional": true,
      "os": [
        "win32"
      ]
    }
  }
}
